
Microsoft Visual Studio Solution File, Format Version 12.00
# Visual Studio Version 17
VisualStudioVersion = 17.0.32112.339
MinimumVisualStudioVersion = 10.0.40219.1
Project("{9A19103F-16F7-4668-BE54-9A1E7A4F7556}") = "FrontEnd GameLayout", "FrontEnd GameLayout\FrontEnd GameLayout.csproj", "{2F0D64AA-5D74-43D5-B995-4E93FF814E29}"
EndProject
Project("{9A19103F-16F7-4668-BE54-9A1E7A4F7556}") = "Backend_API", "Backend_API\Backend_API.csproj", "{025F671A-0D96-48EA-B64A-33AFAD56AEAB}"
EndProject
Project("{9A19103F-16F7-4668-BE54-9A1E7A4F7556}") = "GameEngine", "GameEngine\GameEngine.csproj", "{FB1202F6-9249-421F-812D-076CB439A4FE}"
EndProject
Project("{9A19103F-16F7-4668-BE54-9A1E7A4F7556}") = "GameEngineTest", "GameEngineTest\GameEngineTest.csproj", "{EFC0816B-B02F-41D8-908D-1E30DDD7F237}"
EndProject
Global
	GlobalSection(SolutionConfigurationPlatforms) = preSolution
		Debug|Any CPU = Debug|Any CPU
		Release|Any CPU = Release|Any CPU
	EndGlobalSection
	GlobalSection(ProjectConfigurationPlatforms) = postSolution
		{2F0D64AA-5D74-43D5-B995-4E93FF814E29}.Debug|Any CPU.ActiveCfg = Debug|Any CPU
		{2F0D64AA-5D74-43D5-B995-4E93FF814E29}.Debug|Any CPU.Build.0 = Debug|Any CPU
		{2F0D64AA-5D74-43D5-B995-4E93FF814E29}.Release|Any CPU.ActiveCfg = Release|Any CPU
		{2F0D64AA-5D74-43D5-B995-4E93FF814E29}.Release|Any CPU.Build.0 = Release|Any CPU
		{025F671A-0D96-48EA-B64A-33AFAD56AEAB}.Debug|Any CPU.ActiveCfg = Debug|Any CPU
		{025F671A-0D96-48EA-B64A-33AFAD56AEAB}.Debug|Any CPU.Build.0 = Debug|Any CPU
		{025F671A-0D96-48EA-B64A-33AFAD56AEAB}.Release|Any CPU.ActiveCfg = Release|Any CPU
		{025F671A-0D96-48EA-B64A-33AFAD56AEAB}.Release|Any CPU.Build.0 = Release|Any CPU
		{FB1202F6-9249-421F-812D-076CB439A4FE}.Debug|Any CPU.ActiveCfg = Debug|Any CPU
		{FB1202F6-9249-421F-812D-076CB439A4FE}.Debug|Any CPU.Build.0 = Debug|Any CPU
		{FB1202F6-9249-421F-812D-076CB439A4FE}.Release|Any CPU.ActiveCfg = Release|Any CPU
		{FB1202F6-9249-421F-812D-076CB439A4FE}.Release|Any CPU.Build.0 = Release|Any CPU
		{EFC0816B-B02F-41D8-908D-1E30DDD7F237}.Debug|Any CPU.ActiveCfg = Debug|Any CPU
		{EFC0816B-B02F-41D8-908D-1E30DDD7F237}.Debug|Any CPU.Build.0 = Debug|Any CPU
		{EFC0816B-B02F-41D8-908D-1E30DDD7F237}.Release|Any CPU.ActiveCfg = Release|Any CPU
		{EFC0816B-B02F-41D8-908D-1E30DDD7F237}.Release|Any CPU.Build.0 = Release|Any CPU
	EndGlobalSection
	GlobalSection(SolutionProperties) = preSolution
		HideSolutionNode = FALSE
	EndGlobalSection
	GlobalSection(ExtensibilityGlobals) = postSolution
		SolutionGuid = {DE7CF924-498E-4450-B09E-21C49DB93F27}
	EndGlobalSection
EndGlobal
