
Microsoft Visual Studio Solution File, Format Version 12.00
# Visual Studio Version 17
VisualStudioVersion = 17.0.32112.339
MinimumVisualStudioVersion = 10.0.40219.1
Project("{9A19103F-16F7-4668-BE54-9A1E7A4F7556}") = "FrontEnd GameLayout", "FrontEnd GameLayout\FrontEnd GameLayout.csproj", "{2F0D64AA-5D74-43D5-B995-4E93FF814E29}"
EndProject
Project("{9A19103F-16F7-4668-BE54-9A1E7A4F7556}") = "GameEngineLibrary", "GameEngineLibrary\GameEngineLibrary.csproj", "{BEB8302D-3657-4451-A73D-95F5F800E6E6}"
EndProject
Project("{9A19103F-16F7-4668-BE54-9A1E7A4F7556}") = "GameEngineLibraryTest", "GameEngineLibraryTest\GameEngineLibraryTest.csproj", "{F0577BD7-38BE-4946-BFD8-B6FAC36508BC}"
EndProject
Project("{9A19103F-16F7-4668-BE54-9A1E7A4F7556}") = "Database", "Database\Database.csproj", "{4CCD2411-F591-4B73-90D8-FCF729CB9D37}"
EndProject
Project("{9A19103F-16F7-4668-BE54-9A1E7A4F7556}") = "Backend_API", "Backend_API\Backend_API.csproj", "{025F671A-0D96-48EA-B64A-33AFAD56AEAB}"
EndProject
Global
	GlobalSection(SolutionConfigurationPlatforms) = preSolution
		Debug|Any CPU = Debug|Any CPU
		Release|Any CPU = Release|Any CPU
	EndGlobalSection
	GlobalSection(ProjectConfigurationPlatforms) = postSolution
		{2F0D64AA-5D74-43D5-B995-4E93FF814E29}.Debug|Any CPU.ActiveCfg = Debug|Any CPU
		{2F0D64AA-5D74-43D5-B995-4E93FF814E29}.Debug|Any CPU.Build.0 = Debug|Any CPU
		{2F0D64AA-5D74-43D5-B995-4E93FF814E29}.Release|Any CPU.ActiveCfg = Release|Any CPU
		{2F0D64AA-5D74-43D5-B995-4E93FF814E29}.Release|Any CPU.Build.0 = Release|Any CPU
		{BEB8302D-3657-4451-A73D-95F5F800E6E6}.Debug|Any CPU.ActiveCfg = Debug|Any CPU
		{BEB8302D-3657-4451-A73D-95F5F800E6E6}.Debug|Any CPU.Build.0 = Debug|Any CPU
		{BEB8302D-3657-4451-A73D-95F5F800E6E6}.Release|Any CPU.ActiveCfg = Release|Any CPU
		{BEB8302D-3657-4451-A73D-95F5F800E6E6}.Release|Any CPU.Build.0 = Release|Any CPU
		{F0577BD7-38BE-4946-BFD8-B6FAC36508BC}.Debug|Any CPU.ActiveCfg = Debug|Any CPU
		{F0577BD7-38BE-4946-BFD8-B6FAC36508BC}.Debug|Any CPU.Build.0 = Debug|Any CPU
		{F0577BD7-38BE-4946-BFD8-B6FAC36508BC}.Release|Any CPU.ActiveCfg = Release|Any CPU
		{F0577BD7-38BE-4946-BFD8-B6FAC36508BC}.Release|Any CPU.Build.0 = Release|Any CPU
		{4CCD2411-F591-4B73-90D8-FCF729CB9D37}.Debug|Any CPU.ActiveCfg = Debug|Any CPU
		{4CCD2411-F591-4B73-90D8-FCF729CB9D37}.Debug|Any CPU.Build.0 = Debug|Any CPU
		{4CCD2411-F591-4B73-90D8-FCF729CB9D37}.Release|Any CPU.ActiveCfg = Release|Any CPU
		{4CCD2411-F591-4B73-90D8-FCF729CB9D37}.Release|Any CPU.Build.0 = Release|Any CPU
		{025F671A-0D96-48EA-B64A-33AFAD56AEAB}.Debug|Any CPU.ActiveCfg = Debug|Any CPU
		{025F671A-0D96-48EA-B64A-33AFAD56AEAB}.Debug|Any CPU.Build.0 = Debug|Any CPU
		{025F671A-0D96-48EA-B64A-33AFAD56AEAB}.Release|Any CPU.ActiveCfg = Release|Any CPU
		{025F671A-0D96-48EA-B64A-33AFAD56AEAB}.Release|Any CPU.Build.0 = Release|Any CPU
	EndGlobalSection
	GlobalSection(SolutionProperties) = preSolution
		HideSolutionNode = FALSE
	EndGlobalSection
	GlobalSection(ExtensibilityGlobals) = postSolution
		SolutionGuid = {DE7CF924-498E-4450-B09E-21C49DB93F27}
	EndGlobalSection
EndGlobal
