
Microsoft Visual Studio Solution File, Format Version 12.00
# Visual Studio Version 17
VisualStudioVersion = 17.0.32112.339
MinimumVisualStudioVersion = 10.0.40219.1
Project("{9A19103F-16F7-4668-BE54-9A1E7A4F7556}") = "FrontEnd GameLayout", "FrontEnd GameLayout\FrontEnd GameLayout.csproj", "{2F0D64AA-5D74-43D5-B995-4E93FF814E29}"
EndProject
Project("{FAE04EC0-301F-11D3-BF4B-00C04F79EFBC}") = "GameEngine", "GameEngine\GameEngine.csproj", "{13B0D951-7D6E-4F40-98D2-C8A881001C85}"
EndProject
Project("{FAE04EC0-301F-11D3-BF4B-00C04F79EFBC}") = "GameEngineTest", "GameEngineTest\GameEngineTest.csproj", "{02D07273-BC6D-4E73-8A59-83EAFD7704C5}"
EndProject
Global
	GlobalSection(SolutionConfigurationPlatforms) = preSolution
		Debug|Any CPU = Debug|Any CPU
		Release|Any CPU = Release|Any CPU
	EndGlobalSection
	GlobalSection(ProjectConfigurationPlatforms) = postSolution
		{2F0D64AA-5D74-43D5-B995-4E93FF814E29}.Debug|Any CPU.ActiveCfg = Debug|Any CPU
		{2F0D64AA-5D74-43D5-B995-4E93FF814E29}.Debug|Any CPU.Build.0 = Debug|Any CPU
		{2F0D64AA-5D74-43D5-B995-4E93FF814E29}.Release|Any CPU.ActiveCfg = Release|Any CPU
		{2F0D64AA-5D74-43D5-B995-4E93FF814E29}.Release|Any CPU.Build.0 = Release|Any CPU
		{13B0D951-7D6E-4F40-98D2-C8A881001C85}.Debug|Any CPU.ActiveCfg = Debug|Any CPU
		{13B0D951-7D6E-4F40-98D2-C8A881001C85}.Debug|Any CPU.Build.0 = Debug|Any CPU
		{13B0D951-7D6E-4F40-98D2-C8A881001C85}.Release|Any CPU.ActiveCfg = Release|Any CPU
		{13B0D951-7D6E-4F40-98D2-C8A881001C85}.Release|Any CPU.Build.0 = Release|Any CPU
		{02D07273-BC6D-4E73-8A59-83EAFD7704C5}.Debug|Any CPU.ActiveCfg = Debug|Any CPU
		{02D07273-BC6D-4E73-8A59-83EAFD7704C5}.Debug|Any CPU.Build.0 = Debug|Any CPU
		{02D07273-BC6D-4E73-8A59-83EAFD7704C5}.Release|Any CPU.ActiveCfg = Release|Any CPU
		{02D07273-BC6D-4E73-8A59-83EAFD7704C5}.Release|Any CPU.Build.0 = Release|Any CPU
	EndGlobalSection
	GlobalSection(SolutionProperties) = preSolution
		HideSolutionNode = FALSE
	EndGlobalSection
	GlobalSection(ExtensibilityGlobals) = postSolution
		SolutionGuid = {DE7CF924-498E-4450-B09E-21C49DB93F27}
	EndGlobalSection
EndGlobal
