
Microsoft Visual Studio Solution File, Format Version 12.00
# Visual Studio Version 17
VisualStudioVersion = 17.0.32112.339
MinimumVisualStudioVersion = 10.0.40219.1
Project("{FAE04EC0-301F-11D3-BF4B-00C04F79EFBC}") = "Backend", "Backend\Backend.csproj", "{B6D207A8-50CC-44BB-B358-3D17AD18FE12}"
EndProject
Global
	GlobalSection(SolutionConfigurationPlatforms) = preSolution
		Debug|Any CPU = Debug|Any CPU
		Release|Any CPU = Release|Any CPU
	EndGlobalSection
	GlobalSection(ProjectConfigurationPlatforms) = postSolution
		{B6D207A8-50CC-44BB-B358-3D17AD18FE12}.Debug|Any CPU.ActiveCfg = Debug|Any CPU
		{B6D207A8-50CC-44BB-B358-3D17AD18FE12}.Debug|Any CPU.Build.0 = Debug|Any CPU
		{B6D207A8-50CC-44BB-B358-3D17AD18FE12}.Release|Any CPU.ActiveCfg = Release|Any CPU
		{B6D207A8-50CC-44BB-B358-3D17AD18FE12}.Release|Any CPU.Build.0 = Release|Any CPU
	EndGlobalSection
	GlobalSection(SolutionProperties) = preSolution
		HideSolutionNode = FALSE
	EndGlobalSection
	GlobalSection(ExtensibilityGlobals) = postSolution
		SolutionGuid = {E939C6A5-FB83-464C-9D7C-39787CD6B083}
	EndGlobalSection
EndGlobal
