
Microsoft Visual Studio Solution File, Format Version 12.00
# Visual Studio Version 17
VisualStudioVersion = 17.0.32112.339
MinimumVisualStudioVersion = 10.0.40219.1
Project("{9A19103F-16F7-4668-BE54-9A1E7A4F7556}") = "Backend_API", "Backend_API\Backend_API.csproj", "{ADFAD84A-8380-4AAB-8A75-852D7CE82EBF}"
EndProject
Project("{FAE04EC0-301F-11D3-BF4B-00C04F79EFBC}") = "WepApiTest", "WepApiTest\WepApiTest.csproj", "{F659D70A-C985-49AB-B7D8-DF182EA80EB6}"
EndProject
Global
	GlobalSection(SolutionConfigurationPlatforms) = preSolution
		Debug|Any CPU = Debug|Any CPU
		Release|Any CPU = Release|Any CPU
	EndGlobalSection
	GlobalSection(ProjectConfigurationPlatforms) = postSolution
		{ADFAD84A-8380-4AAB-8A75-852D7CE82EBF}.Debug|Any CPU.ActiveCfg = Debug|Any CPU
		{ADFAD84A-8380-4AAB-8A75-852D7CE82EBF}.Debug|Any CPU.Build.0 = Debug|Any CPU
		{ADFAD84A-8380-4AAB-8A75-852D7CE82EBF}.Release|Any CPU.ActiveCfg = Release|Any CPU
		{ADFAD84A-8380-4AAB-8A75-852D7CE82EBF}.Release|Any CPU.Build.0 = Release|Any CPU
		{F659D70A-C985-49AB-B7D8-DF182EA80EB6}.Debug|Any CPU.ActiveCfg = Debug|Any CPU
		{F659D70A-C985-49AB-B7D8-DF182EA80EB6}.Debug|Any CPU.Build.0 = Debug|Any CPU
		{F659D70A-C985-49AB-B7D8-DF182EA80EB6}.Release|Any CPU.ActiveCfg = Release|Any CPU
		{F659D70A-C985-49AB-B7D8-DF182EA80EB6}.Release|Any CPU.Build.0 = Release|Any CPU
	EndGlobalSection
	GlobalSection(SolutionProperties) = preSolution
		HideSolutionNode = FALSE
	EndGlobalSection
	GlobalSection(ExtensibilityGlobals) = postSolution
		SolutionGuid = {1DA2F659-6127-4C8F-92B0-887C7C05DE2F}
	EndGlobalSection
EndGlobal
